{
    "name": "tauri",
    "lockfileVersion": 2,
    "requires": true,
    "packages": {
        "": {
            "devDependencies": {
                "@tauri-apps/cli": "^1.0.5"
            }
        },
        "node_modules/@tauri-apps/cli": {
            "version": "1.0.5",
            "resolved": "https://registry.npmjs.org/@tauri-apps/cli/-/cli-1.0.5.tgz",
            "integrity": "sha512-vbY+MwK+xN65x0R/o16UQPxBtJl8pmzVzC0TZKokZfmeOkomoqOEOinSwznAMeyR1ZMJW+fXVgJCPvGsRQ0LGg==",
            "dev": true,
            "bin": {
                "tauri": "tauri.js"
            },
            "engines": {
                "node": ">= 10"
            },
            "funding": {
                "type": "opencollective",
                "url": "https://opencollective.com/tauri"
            },
            "optionalDependencies": {
                "@tauri-apps/cli-darwin-arm64": "1.0.5",
                "@tauri-apps/cli-darwin-x64": "1.0.5",
                "@tauri-apps/cli-linux-arm-gnueabihf": "1.0.5",
                "@tauri-apps/cli-linux-arm64-gnu": "1.0.5",
                "@tauri-apps/cli-linux-arm64-musl": "1.0.5",
                "@tauri-apps/cli-linux-x64-gnu": "1.0.5",
                "@tauri-apps/cli-linux-x64-musl": "1.0.5",
                "@tauri-apps/cli-win32-ia32-msvc": "1.0.5",
                "@tauri-apps/cli-win32-x64-msvc": "1.0.5"
            }
        },
        "node_modules/@tauri-apps/cli-darwin-arm64": {
            "version": "1.0.5",
            "resolved": "https://registry.npmjs.org/@tauri-apps/cli-darwin-arm64/-/cli-darwin-arm64-1.0.5.tgz",
            "integrity": "sha512-oxpFb9ZeMiC3xPUJ9NsXWCnnwFSVkPbJUvDKpc9IaoDIUpsMTV72W4P0Nh0uQRbyhx4modPpstt7+ONypNVYNg==",
            "cpu": [
                "arm64"
            ],
            "dev": true,
            "optional": true,
            "os": [
                "darwin"
            ],
            "engines": {
                "node": ">= 10"
            }
        },
        "node_modules/@tauri-apps/cli-darwin-x64": {
            "version": "1.0.5",
            "resolved": "https://registry.npmjs.org/@tauri-apps/cli-darwin-x64/-/cli-darwin-x64-1.0.5.tgz",
            "integrity": "sha512-hRNYC6L9edz2dEqK33tssPylF2ti6x6udidBlGWc5GSoeEb/05qKMEA1MESQYKBG+4q+wjJvACA2vvz6AfgJ3Q==",
            "cpu": [
                "x64"
            ],
            "dev": true,
            "optional": true,
            "os": [
                "darwin"
            ],
            "engines": {
                "node": ">= 10"
            }
        },
        "node_modules/@tauri-apps/cli-linux-arm-gnueabihf": {
            "version": "1.0.5",
            "resolved": "https://registry.npmjs.org/@tauri-apps/cli-linux-arm-gnueabihf/-/cli-linux-arm-gnueabihf-1.0.5.tgz",
            "integrity": "sha512-hc/Jp3TtFpxB8XVkLEwWy7MNcUBlS8rNCafQBUt4KSElXB+/oGo50jPO+wd5GSMSOR59UCzH08v11P0b+sAa/w==",
            "cpu": [
                "arm"
            ],
            "dev": true,
            "optional": true,
            "os": [
                "linux"
            ],
            "engines": {
                "node": ">= 10"
            }
        },
        "node_modules/@tauri-apps/cli-linux-arm64-gnu": {
            "version": "1.0.5",
            "resolved": "https://registry.npmjs.org/@tauri-apps/cli-linux-arm64-gnu/-/cli-linux-arm64-gnu-1.0.5.tgz",
            "integrity": "sha512-btFlkD2PG+yzJBZzWeJmyCy8ZV+iys2Jl66Fs4g9lSi3KrBDnyfQ26RpGZb2pRfkkcVP8/x1WSfByO+Rj+PTBA==",
            "cpu": [
                "arm64"
            ],
            "dev": true,
            "optional": true,
            "os": [
                "linux"
            ],
            "engines": {
                "node": ">= 10"
            }
        },
        "node_modules/@tauri-apps/cli-linux-arm64-musl": {
            "version": "1.0.5",
            "resolved": "https://registry.npmjs.org/@tauri-apps/cli-linux-arm64-musl/-/cli-linux-arm64-musl-1.0.5.tgz",
            "integrity": "sha512-p5JFdWab2AWhfgAZW/mgOLu+YiIJXKV0NdATGmdiBgQCMmz1k/FM8iOFApCgGbo3/zkR58cJ7Z7hyWmQ07M6Pw==",
            "cpu": [
                "arm64"
            ],
            "dev": true,
            "optional": true,
            "os": [
                "linux"
            ],
            "engines": {
                "node": ">= 10"
            }
        },
        "node_modules/@tauri-apps/cli-linux-x64-gnu": {
            "version": "1.0.5",
            "resolved": "https://registry.npmjs.org/@tauri-apps/cli-linux-x64-gnu/-/cli-linux-x64-gnu-1.0.5.tgz",
            "integrity": "sha512-fOXR635AXxwSO7MCfBhMLnGpcg1H83XGw9ocuyg4jjvtE8QoYPwC4ksfb5lLhDVMui9iIKY93NAK3EkQiSGGmQ==",
            "cpu": [
                "x64"
            ],
            "dev": true,
            "optional": true,
            "os": [
                "linux"
            ],
            "engines": {
                "node": ">= 10"
            }
        },
        "node_modules/@tauri-apps/cli-linux-x64-musl": {
            "version": "1.0.5",
            "resolved": "https://registry.npmjs.org/@tauri-apps/cli-linux-x64-musl/-/cli-linux-x64-musl-1.0.5.tgz",
            "integrity": "sha512-8be4zJVkuMs427JqONhFx5Ia5zWsQ5tbZXd80C3dHNL+5/3VIOK6nGQ0iijyZSLXiE9JKEH2jp1EHB+1TVJRcw==",
            "cpu": [
                "x64"
            ],
            "dev": true,
            "optional": true,
            "os": [
                "linux"
            ],
            "engines": {
                "node": ">= 10"
            }
        },
        "node_modules/@tauri-apps/cli-win32-ia32-msvc": {
            "version": "1.0.5",
            "resolved": "https://registry.npmjs.org/@tauri-apps/cli-win32-ia32-msvc/-/cli-win32-ia32-msvc-1.0.5.tgz",
            "integrity": "sha512-WpnIfzS1e4InGhvd1IDSKC3w6kbI5c6oJgMmtkMTBlhjhiZXhZmQF4XA784A5Y13pzsbXnbNJKOp8DuPVkoTRQ==",
            "cpu": [
                "ia32"
            ],
            "dev": true,
            "optional": true,
            "os": [
                "win32"
            ],
            "engines": {
                "node": ">= 10"
            }
        },
        "node_modules/@tauri-apps/cli-win32-x64-msvc": {
            "version": "1.0.5",
            "resolved": "https://registry.npmjs.org/@tauri-apps/cli-win32-x64-msvc/-/cli-win32-x64-msvc-1.0.5.tgz",
            "integrity": "sha512-8iEhVD3X4LZfrlxEPOV+mAj4QrJrEqKTICiJnwmgjvhYQOOsNHzg5kca7pcBbqcgorQOBydLpfGJtxWRusVPaw==",
            "cpu": [
                "x64"
            ],
            "dev": true,
            "optional": true,
            "os": [
                "win32"
            ],
            "engines": {
                "node": ">= 10"
            }
        }
    },
    "dependencies": {
        "@tauri-apps/cli": {
            "version": "1.0.5",
            "resolved": "https://registry.npmjs.org/@tauri-apps/cli/-/cli-1.0.5.tgz",
            "integrity": "sha512-vbY+MwK+xN65x0R/o16UQPxBtJl8pmzVzC0TZKokZfmeOkomoqOEOinSwznAMeyR1ZMJW+fXVgJCPvGsRQ0LGg==",
            "dev": true,
            "requires": {
                "@tauri-apps/cli-darwin-arm64": "1.0.5",
                "@tauri-apps/cli-darwin-x64": "1.0.5",
                "@tauri-apps/cli-linux-arm-gnueabihf": "1.0.5",
                "@tauri-apps/cli-linux-arm64-gnu": "1.0.5",
                "@tauri-apps/cli-linux-arm64-musl": "1.0.5",
                "@tauri-apps/cli-linux-x64-gnu": "1.0.5",
                "@tauri-apps/cli-linux-x64-musl": "1.0.5",
                "@tauri-apps/cli-win32-ia32-msvc": "1.0.5",
                "@tauri-apps/cli-win32-x64-msvc": "1.0.5"
            }
        },
        "@tauri-apps/cli-darwin-arm64": {
            "version": "1.0.5",
            "resolved": "https://registry.npmjs.org/@tauri-apps/cli-darwin-arm64/-/cli-darwin-arm64-1.0.5.tgz",
            "integrity": "sha512-oxpFb9ZeMiC3xPUJ9NsXWCnnwFSVkPbJUvDKpc9IaoDIUpsMTV72W4P0Nh0uQRbyhx4modPpstt7+ONypNVYNg==",
            "dev": true,
            "optional": true
        },
        "@tauri-apps/cli-darwin-x64": {
            "version": "1.0.5",
            "resolved": "https://registry.npmjs.org/@tauri-apps/cli-darwin-x64/-/cli-darwin-x64-1.0.5.tgz",
            "integrity": "sha512-hRNYC6L9edz2dEqK33tssPylF2ti6x6udidBlGWc5GSoeEb/05qKMEA1MESQYKBG+4q+wjJvACA2vvz6AfgJ3Q==",
            "dev": true,
            "optional": true
        },
        "@tauri-apps/cli-linux-arm-gnueabihf": {
            "version": "1.0.5",
            "resolved": "https://registry.npmjs.org/@tauri-apps/cli-linux-arm-gnueabihf/-/cli-linux-arm-gnueabihf-1.0.5.tgz",
            "integrity": "sha512-hc/Jp3TtFpxB8XVkLEwWy7MNcUBlS8rNCafQBUt4KSElXB+/oGo50jPO+wd5GSMSOR59UCzH08v11P0b+sAa/w==",
            "dev": true,
            "optional": true
        },
        "@tauri-apps/cli-linux-arm64-gnu": {
            "version": "1.0.5",
            "resolved": "https://registry.npmjs.org/@tauri-apps/cli-linux-arm64-gnu/-/cli-linux-arm64-gnu-1.0.5.tgz",
            "integrity": "sha512-btFlkD2PG+yzJBZzWeJmyCy8ZV+iys2Jl66Fs4g9lSi3KrBDnyfQ26RpGZb2pRfkkcVP8/x1WSfByO+Rj+PTBA==",
            "dev": true,
            "optional": true
        },
        "@tauri-apps/cli-linux-arm64-musl": {
            "version": "1.0.5",
            "resolved": "https://registry.npmjs.org/@tauri-apps/cli-linux-arm64-musl/-/cli-linux-arm64-musl-1.0.5.tgz",
            "integrity": "sha512-p5JFdWab2AWhfgAZW/mgOLu+YiIJXKV0NdATGmdiBgQCMmz1k/FM8iOFApCgGbo3/zkR58cJ7Z7hyWmQ07M6Pw==",
            "dev": true,
            "optional": true
        },
        "@tauri-apps/cli-linux-x64-gnu": {
            "version": "1.0.5",
            "resolved": "https://registry.npmjs.org/@tauri-apps/cli-linux-x64-gnu/-/cli-linux-x64-gnu-1.0.5.tgz",
            "integrity": "sha512-fOXR635AXxwSO7MCfBhMLnGpcg1H83XGw9ocuyg4jjvtE8QoYPwC4ksfb5lLhDVMui9iIKY93NAK3EkQiSGGmQ==",
            "dev": true,
            "optional": true
        },
        "@tauri-apps/cli-linux-x64-musl": {
            "version": "1.0.5",
            "resolved": "https://registry.npmjs.org/@tauri-apps/cli-linux-x64-musl/-/cli-linux-x64-musl-1.0.5.tgz",
            "integrity": "sha512-8be4zJVkuMs427JqONhFx5Ia5zWsQ5tbZXd80C3dHNL+5/3VIOK6nGQ0iijyZSLXiE9JKEH2jp1EHB+1TVJRcw==",
            "dev": true,
            "optional": true
        },
        "@tauri-apps/cli-win32-ia32-msvc": {
            "version": "1.0.5",
            "resolved": "https://registry.npmjs.org/@tauri-apps/cli-win32-ia32-msvc/-/cli-win32-ia32-msvc-1.0.5.tgz",
            "integrity": "sha512-WpnIfzS1e4InGhvd1IDSKC3w6kbI5c6oJgMmtkMTBlhjhiZXhZmQF4XA784A5Y13pzsbXnbNJKOp8DuPVkoTRQ==",
            "dev": true,
            "optional": true
        },
        "@tauri-apps/cli-win32-x64-msvc": {
            "version": "1.0.5",
            "resolved": "https://registry.npmjs.org/@tauri-apps/cli-win32-x64-msvc/-/cli-win32-x64-msvc-1.0.5.tgz",
            "integrity": "sha512-8iEhVD3X4LZfrlxEPOV+mAj4QrJrEqKTICiJnwmgjvhYQOOsNHzg5kca7pcBbqcgorQOBydLpfGJtxWRusVPaw==",
            "dev": true,
            "optional": true
        }
    }
}
